
Microsoft Visual Studio Solution File, Format Version 12.00
# Visual Studio Version 16
VisualStudioVersion = 16.0.35425.106
MinimumVisualStudioVersion = 10.0.40219.1
Project("{FAE04EC0-301F-11D3-BF4B-00C04F79EFBC}") = "OnAir", "OnAir\OnAir.csproj", "{92F8D49B-F206-4DFE-83F8-9ECE04749C59}"
EndProject
Global
	GlobalSection(SolutionConfigurationPlatforms) = preSolution
		Debug|Any CPU = Debug|Any CPU
		Release|Any CPU = Release|Any CPU
	EndGlobalSection
	GlobalSection(ProjectConfigurationPlatforms) = postSolution
		{92F8D49B-F206-4DFE-83F8-9ECE04749C59}.Debug|Any CPU.ActiveCfg = Debug|Any CPU
		{92F8D49B-F206-4DFE-83F8-9ECE04749C59}.Debug|Any CPU.Build.0 = Debug|Any CPU
		{92F8D49B-F206-4DFE-83F8-9ECE04749C59}.Release|Any CPU.ActiveCfg = Release|Any CPU
		{92F8D49B-F206-4DFE-83F8-9ECE04749C59}.Release|Any CPU.Build.0 = Release|Any CPU
	EndGlobalSection
	GlobalSection(SolutionProperties) = preSolution
		HideSolutionNode = FALSE
	EndGlobalSection
	GlobalSection(ExtensibilityGlobals) = postSolution
		SolutionGuid = {E1DCA6D2-34D4-4FB2-9C08-9143BB536EF2}
	EndGlobalSection
EndGlobal
